
Microsoft Visual Studio Solution File, Format Version 12.00
# Visual Studio Version 16
VisualStudioVersion = 16.0.29609.76
MinimumVisualStudioVersion = 10.0.40219.1
Project("{FAE04EC0-301F-11D3-BF4B-00C04F79EFBC}") = "ZXBlog.Model", "ZXBlog.Model\ZXBlog.Model.csproj", "{0736C523-7065-4893-AFA4-080A6481DCE0}"
EndProject
Project("{FAE04EC0-301F-11D3-BF4B-00C04F79EFBC}") = "ZXBlog.IDAL", "ZXBlog.IDAL\ZXBlog.IDAL.csproj", "{0919CC52-E0E6-40E4-AED7-74B5E50ACCCD}"
EndProject
Project("{FAE04EC0-301F-11D3-BF4B-00C04F79EFBC}") = "ZXBlog.DAL", "ZXBlog.DAL\ZXBlog.DAL.csproj", "{A11DFC9E-B33F-422B-A56A-62196B065AAE}"
EndProject
Project("{FAE04EC0-301F-11D3-BF4B-00C04F79EFBC}") = "ZXBlog.IBLL", "ZXBlog.IBLL\ZXBlog.IBLL.csproj", "{6DAE70AB-5F06-4380-AA17-B11FA4FBC17B}"
EndProject
Project("{FAE04EC0-301F-11D3-BF4B-00C04F79EFBC}") = "ZXBlog.BLL", "ZXBlog.BLL\ZXBlog.BLL.csproj", "{826024D8-9386-4C14-9300-2B9C0CB889F2}"
EndProject
Project("{FAE04EC0-301F-11D3-BF4B-00C04F79EFBC}") = "ZXBlog.Dto", "ZXBlog.Dto\ZXBlog.Dto.csproj", "{0A9CCDAD-18CF-4BC9-9E00-6780CB1C226C}"
EndProject
Project("{FAE04EC0-301F-11D3-BF4B-00C04F79EFBC}") = "ZXBlog.WebApi", "ZXBlog.WebApi\ZXBlog.WebApi.csproj", "{6E268EB2-F565-4A3F-A6BA-42BEEF4CC287}"
EndProject
Global
	GlobalSection(SolutionConfigurationPlatforms) = preSolution
		Debug|Any CPU = Debug|Any CPU
		Release|Any CPU = Release|Any CPU
	EndGlobalSection
	GlobalSection(ProjectConfigurationPlatforms) = postSolution
		{0736C523-7065-4893-AFA4-080A6481DCE0}.Debug|Any CPU.ActiveCfg = Debug|Any CPU
		{0736C523-7065-4893-AFA4-080A6481DCE0}.Debug|Any CPU.Build.0 = Debug|Any CPU
		{0736C523-7065-4893-AFA4-080A6481DCE0}.Release|Any CPU.ActiveCfg = Release|Any CPU
		{0736C523-7065-4893-AFA4-080A6481DCE0}.Release|Any CPU.Build.0 = Release|Any CPU
		{0919CC52-E0E6-40E4-AED7-74B5E50ACCCD}.Debug|Any CPU.ActiveCfg = Debug|Any CPU
		{0919CC52-E0E6-40E4-AED7-74B5E50ACCCD}.Debug|Any CPU.Build.0 = Debug|Any CPU
		{0919CC52-E0E6-40E4-AED7-74B5E50ACCCD}.Release|Any CPU.ActiveCfg = Release|Any CPU
		{0919CC52-E0E6-40E4-AED7-74B5E50ACCCD}.Release|Any CPU.Build.0 = Release|Any CPU
		{A11DFC9E-B33F-422B-A56A-62196B065AAE}.Debug|Any CPU.ActiveCfg = Debug|Any CPU
		{A11DFC9E-B33F-422B-A56A-62196B065AAE}.Debug|Any CPU.Build.0 = Debug|Any CPU
		{A11DFC9E-B33F-422B-A56A-62196B065AAE}.Release|Any CPU.ActiveCfg = Release|Any CPU
		{A11DFC9E-B33F-422B-A56A-62196B065AAE}.Release|Any CPU.Build.0 = Release|Any CPU
		{6DAE70AB-5F06-4380-AA17-B11FA4FBC17B}.Debug|Any CPU.ActiveCfg = Debug|Any CPU
		{6DAE70AB-5F06-4380-AA17-B11FA4FBC17B}.Debug|Any CPU.Build.0 = Debug|Any CPU
		{6DAE70AB-5F06-4380-AA17-B11FA4FBC17B}.Release|Any CPU.ActiveCfg = Release|Any CPU
		{6DAE70AB-5F06-4380-AA17-B11FA4FBC17B}.Release|Any CPU.Build.0 = Release|Any CPU
		{826024D8-9386-4C14-9300-2B9C0CB889F2}.Debug|Any CPU.ActiveCfg = Debug|Any CPU
		{826024D8-9386-4C14-9300-2B9C0CB889F2}.Debug|Any CPU.Build.0 = Debug|Any CPU
		{826024D8-9386-4C14-9300-2B9C0CB889F2}.Release|Any CPU.ActiveCfg = Release|Any CPU
		{826024D8-9386-4C14-9300-2B9C0CB889F2}.Release|Any CPU.Build.0 = Release|Any CPU
		{0A9CCDAD-18CF-4BC9-9E00-6780CB1C226C}.Debug|Any CPU.ActiveCfg = Debug|Any CPU
		{0A9CCDAD-18CF-4BC9-9E00-6780CB1C226C}.Debug|Any CPU.Build.0 = Debug|Any CPU
		{0A9CCDAD-18CF-4BC9-9E00-6780CB1C226C}.Release|Any CPU.ActiveCfg = Release|Any CPU
		{0A9CCDAD-18CF-4BC9-9E00-6780CB1C226C}.Release|Any CPU.Build.0 = Release|Any CPU
		{6E268EB2-F565-4A3F-A6BA-42BEEF4CC287}.Debug|Any CPU.ActiveCfg = Debug|Any CPU
		{6E268EB2-F565-4A3F-A6BA-42BEEF4CC287}.Debug|Any CPU.Build.0 = Debug|Any CPU
		{6E268EB2-F565-4A3F-A6BA-42BEEF4CC287}.Release|Any CPU.ActiveCfg = Release|Any CPU
		{6E268EB2-F565-4A3F-A6BA-42BEEF4CC287}.Release|Any CPU.Build.0 = Release|Any CPU
	EndGlobalSection
	GlobalSection(SolutionProperties) = preSolution
		HideSolutionNode = FALSE
	EndGlobalSection
	GlobalSection(ExtensibilityGlobals) = postSolution
		SolutionGuid = {91C77DF6-7253-46A3-B4FB-31E0F5C813C9}
	EndGlobalSection
EndGlobal
